// !$*UTF8*$!
{
	archiveVersion = 1;
	classes = {
	};
	objectVersion = 46;
	objects = {

/* Begin PBXBuildFile section */
		05A0EF0B209E95C900C06A90 /* UnicodeUtilSpec.swift in Sources */ = {isa = PBXBuildFile; fileRef = 05A0EF0A209E95C900C06A90 /* UnicodeUtilSpec.swift */; };
		05CF542420A08E490079756A /* Pods_BiLang.framework in Frameworks */ = {isa = PBXBuildFile; fileRef = 2751890DAF928594C9D8ED3A /* Pods_BiLang.framework */; };
		9AA9B92F075E98ABDE6FB9AC /* Pods_BiLangTests.framework in Frameworks */ = {isa = PBXBuildFile; fileRef = A4497FF0F7FEE62694F4517A /* Pods_BiLangTests.framework */; };
		B25B815F42CA0053EF016BD4 /* Pods_BiLangUITests.framework in Frameworks */ = {isa = PBXBuildFile; fileRef = 1C37630F95C6F9FB06C68D0F /* Pods_BiLangUITests.framework */; };
		FFD864431E166F060029E35B /* AppDelegate.swift in Sources */ = {isa = PBXBuildFile; fileRef = FFD864421E166F060029E35B /* AppDelegate.swift */; };
		FFD864451E166F060029E35B /* ViewController.swift in Sources */ = {isa = PBXBuildFile; fileRef = FFD864441E166F060029E35B /* ViewController.swift */; };
		FFD864481E166F060029E35B /* Main.storyboard in Resources */ = {isa = PBXBuildFile; fileRef = FFD864461E166F060029E35B /* Main.storyboard */; };
		FFD8644A1E166F060029E35B /* Assets.xcassets in Resources */ = {isa = PBXBuildFile; fileRef = FFD864491E166F060029E35B /* Assets.xcassets */; };
		FFD8644D1E166F060029E35B /* LaunchScreen.storyboard in Resources */ = {isa = PBXBuildFile; fileRef = FFD8644B1E166F060029E35B /* LaunchScreen.storyboard */; };
		FFD864581E166F060029E35B /* BiLangTests.swift in Sources */ = {isa = PBXBuildFile; fileRef = FFD864571E166F060029E35B /* BiLangTests.swift */; };
/* End PBXBuildFile section */

/* Begin PBXContainerItemProxy section */
		FFD864541E166F060029E35B /* PBXContainerItemProxy */ = {
			isa = PBXContainerItemProxy;
			containerPortal = FFD864371E166F050029E35B /* Project object */;
			proxyType = 1;
			remoteGlobalIDString = FFD8643E1E166F050029E35B;
			remoteInfo = BiLang;
		};
		FFD8645F1E166F060029E35B /* PBXContainerItemProxy */ = {
			isa = PBXContainerItemProxy;
			containerPortal = FFD864371E166F050029E35B /* Project object */;
			proxyType = 1;
			remoteGlobalIDString = FFD8643E1E166F050029E35B;
			remoteInfo = BiLang;
		};
/* End PBXContainerItemProxy section */

/* Begin PBXCopyFilesBuildPhase section */
		FFD864811E1679610029E35B /* Embed Frameworks */ = {
			isa = PBXCopyFilesBuildPhase;
			buildActionMask = 2147483647;
			dstPath = "";
			dstSubfolderSpec = 10;
			files = (
			);
			name = "Embed Frameworks";
			runOnlyForDeploymentPostprocessing = 0;
		};
/* End PBXCopyFilesBuildPhase section */

/* Begin PBXFileReference section */
		05A0EF0A209E95C900C06A90 /* UnicodeUtilSpec.swift */ = {isa = PBXFileReference; lastKnownFileType = sourcecode.swift; path = UnicodeUtilSpec.swift; sourceTree = "<group>"; };
		1C37630F95C6F9FB06C68D0F /* Pods_BiLangUITests.framework */ = {isa = PBXFileReference; explicitFileType = wrapper.framework; includeInIndex = 0; path = Pods_BiLangUITests.framework; sourceTree = BUILT_PRODUCTS_DIR; };
		2751890DAF928594C9D8ED3A /* Pods_BiLang.framework */ = {isa = PBXFileReference; explicitFileType = wrapper.framework; includeInIndex = 0; path = Pods_BiLang.framework; sourceTree = BUILT_PRODUCTS_DIR; };
		2E0081ACF2289CFBBF8C7557 /* Pods-BiLang.debug.xcconfig */ = {isa = PBXFileReference; includeInIndex = 1; lastKnownFileType = text.xcconfig; name = "Pods-BiLang.debug.xcconfig"; path = "Pods/Target Support Files/Pods-BiLang/Pods-BiLang.debug.xcconfig"; sourceTree = "<group>"; };
		5B473619B473F432C3145D44 /* Pods-BiLangUITests.debug.xcconfig */ = {isa = PBXFileReference; includeInIndex = 1; lastKnownFileType = text.xcconfig; name = "Pods-BiLangUITests.debug.xcconfig"; path = "Pods/Target Support Files/Pods-BiLangUITests/Pods-BiLangUITests.debug.xcconfig"; sourceTree = "<group>"; };
		5D225B1A48CFEE693703C887 /* Pods-BiLangTests.debug.xcconfig */ = {isa = PBXFileReference; includeInIndex = 1; lastKnownFileType = text.xcconfig; name = "Pods-BiLangTests.debug.xcconfig"; path = "Pods/Target Support Files/Pods-BiLangTests/Pods-BiLangTests.debug.xcconfig"; sourceTree = "<group>"; };
		5E05ED22E128C821F17E9C86 /* Pods-BiLangTests.release.xcconfig */ = {isa = PBXFileReference; includeInIndex = 1; lastKnownFileType = text.xcconfig; name = "Pods-BiLangTests.release.xcconfig"; path = "Pods/Target Support Files/Pods-BiLangTests/Pods-BiLangTests.release.xcconfig"; sourceTree = "<group>"; };
		67C65085CBA4E5A03846FC7C /* Pods-BiLang.release.xcconfig */ = {isa = PBXFileReference; includeInIndex = 1; lastKnownFileType = text.xcconfig; name = "Pods-BiLang.release.xcconfig"; path = "Pods/Target Support Files/Pods-BiLang/Pods-BiLang.release.xcconfig"; sourceTree = "<group>"; };
		7FA662BAB7FA5CA7719D6537 /* Pods-BiLangUITests.release.xcconfig */ = {isa = PBXFileReference; includeInIndex = 1; lastKnownFileType = text.xcconfig; name = "Pods-BiLangUITests.release.xcconfig"; path = "Pods/Target Support Files/Pods-BiLangUITests/Pods-BiLangUITests.release.xcconfig"; sourceTree = "<group>"; };
		A4497FF0F7FEE62694F4517A /* Pods_BiLangTests.framework */ = {isa = PBXFileReference; explicitFileType = wrapper.framework; includeInIndex = 0; path = Pods_BiLangTests.framework; sourceTree = BUILT_PRODUCTS_DIR; };
		FFD8643F1E166F060029E35B /* BiLang.app */ = {isa = PBXFileReference; explicitFileType = wrapper.application; includeInIndex = 0; path = BiLang.app; sourceTree = BUILT_PRODUCTS_DIR; };
		FFD864421E166F060029E35B /* AppDelegate.swift */ = {isa = PBXFileReference; lastKnownFileType = sourcecode.swift; path = AppDelegate.swift; sourceTree = "<group>"; };
		FFD864441E166F060029E35B /* ViewController.swift */ = {isa = PBXFileReference; lastKnownFileType = sourcecode.swift; path = ViewController.swift; sourceTree = "<group>"; };
		FFD864471E166F060029E35B /* Base */ = {isa = PBXFileReference; lastKnownFileType = file.storyboard; name = Base; path = Base.lproj/Main.storyboard; sourceTree = "<group>"; };
		FFD864491E166F060029E35B /* Assets.xcassets */ = {isa = PBXFileReference; lastKnownFileType = folder.assetcatalog; path = Assets.xcassets; sourceTree = "<group>"; };
		FFD8644C1E166F060029E35B /* Base */ = {isa = PBXFileReference; lastKnownFileType = file.storyboard; name = Base; path = Base.lproj/LaunchScreen.storyboard; sourceTree = "<group>"; };
		FFD8644E1E166F060029E35B /* Info.plist */ = {isa = PBXFileReference; lastKnownFileType = text.plist.xml; path = Info.plist; sourceTree = "<group>"; };
		FFD864531E166F060029E35B /* BiLangTests.xctest */ = {isa = PBXFileReference; explicitFileType = wrapper.cfbundle; includeInIndex = 0; path = BiLangTests.xctest; sourceTree = BUILT_PRODUCTS_DIR; };
		FFD864571E166F060029E35B /* BiLangTests.swift */ = {isa = PBXFileReference; lastKnownFileType = sourcecode.swift; path = BiLangTests.swift; sourceTree = "<group>"; };
		FFD864591E166F060029E35B /* Info.plist */ = {isa = PBXFileReference; lastKnownFileType = text.plist.xml; path = Info.plist; sourceTree = "<group>"; };
		FFD8645E1E166F060029E35B /* BiLangUITests.xctest */ = {isa = PBXFileReference; explicitFileType = wrapper.cfbundle; includeInIndex = 0; path = BiLangUITests.xctest; sourceTree = BUILT_PRODUCTS_DIR; };
		FFD864641E166F060029E35B /* Info.plist */ = {isa = PBXFileReference; lastKnownFileType = text.plist.xml; path = Info.plist; sourceTree = "<group>"; };
		FFE619A81E1932BA00409B1A /* BiLang.playground */ = {isa = PBXFileReference; lastKnownFileType = file.playground; path = BiLang.playground; sourceTree = "<group>"; xcLanguageSpecificationIdentifier = xcode.lang.swift; };
/* End PBXFileReference section */

/* Begin PBXFrameworksBuildPhase section */
		FFD8643C1E166F050029E35B /* Frameworks */ = {
			isa = PBXFrameworksBuildPhase;
			buildActionMask = 2147483647;
			files = (
				05CF542420A08E490079756A /* Pods_BiLang.framework in Frameworks */,
			);
			runOnlyForDeploymentPostprocessing = 0;
		};
		FFD864501E166F060029E35B /* Frameworks */ = {
			isa = PBXFrameworksBuildPhase;
			buildActionMask = 2147483647;
			files = (
				9AA9B92F075E98ABDE6FB9AC /* Pods_BiLangTests.framework in Frameworks */,
			);
			runOnlyForDeploymentPostprocessing = 0;
		};
		FFD8645B1E166F060029E35B /* Frameworks */ = {
			isa = PBXFrameworksBuildPhase;
			buildActionMask = 2147483647;
			files = (
				B25B815F42CA0053EF016BD4 /* Pods_BiLangUITests.framework in Frameworks */,
			);
			runOnlyForDeploymentPostprocessing = 0;
		};
/* End PBXFrameworksBuildPhase section */

/* Begin PBXGroup section */
		333DA3C093865189ED2AB4BE /* Pods */ = {
			isa = PBXGroup;
			children = (
				2E0081ACF2289CFBBF8C7557 /* Pods-BiLang.debug.xcconfig */,
				67C65085CBA4E5A03846FC7C /* Pods-BiLang.release.xcconfig */,
				5D225B1A48CFEE693703C887 /* Pods-BiLangTests.debug.xcconfig */,
				5E05ED22E128C821F17E9C86 /* Pods-BiLangTests.release.xcconfig */,
				5B473619B473F432C3145D44 /* Pods-BiLangUITests.debug.xcconfig */,
				7FA662BAB7FA5CA7719D6537 /* Pods-BiLangUITests.release.xcconfig */,
			);
			name = Pods;
			sourceTree = "<group>";
		};
		4F39FEECA4DCCC94C0747B33 /* Frameworks */ = {
			isa = PBXGroup;
			children = (
				2751890DAF928594C9D8ED3A /* Pods_BiLang.framework */,
				A4497FF0F7FEE62694F4517A /* Pods_BiLangTests.framework */,
				1C37630F95C6F9FB06C68D0F /* Pods_BiLangUITests.framework */,
			);
			name = Frameworks;
			sourceTree = "<group>";
		};
		FFD864361E166F050029E35B = {
			isa = PBXGroup;
			children = (
				FFE619A81E1932BA00409B1A /* BiLang.playground */,
				FFD864411E166F060029E35B /* BiLang */,
				FFD864561E166F060029E35B /* BiLangTests */,
				FFD864611E166F060029E35B /* BiLangUITests */,
				FFD864401E166F060029E35B /* Products */,
				333DA3C093865189ED2AB4BE /* Pods */,
				4F39FEECA4DCCC94C0747B33 /* Frameworks */,
			);
			sourceTree = "<group>";
		};
		FFD864401E166F060029E35B /* Products */ = {
			isa = PBXGroup;
			children = (
				FFD8643F1E166F060029E35B /* BiLang.app */,
				FFD864531E166F060029E35B /* BiLangTests.xctest */,
				FFD8645E1E166F060029E35B /* BiLangUITests.xctest */,
			);
			name = Products;
			sourceTree = "<group>";
		};
		FFD864411E166F060029E35B /* BiLang */ = {
			isa = PBXGroup;
			children = (
				FFD864421E166F060029E35B /* AppDelegate.swift */,
				FFD864441E166F060029E35B /* ViewController.swift */,
				FFD864461E166F060029E35B /* Main.storyboard */,
				FFD864491E166F060029E35B /* Assets.xcassets */,
				FFD8644B1E166F060029E35B /* LaunchScreen.storyboard */,
				FFD8644E1E166F060029E35B /* Info.plist */,
			);
			path = BiLang;
			sourceTree = "<group>";
		};
		FFD864561E166F060029E35B /* BiLangTests */ = {
			isa = PBXGroup;
			children = (
				FFD864571E166F060029E35B /* BiLangTests.swift */,
				05A0EF0A209E95C900C06A90 /* UnicodeUtilSpec.swift */,
				FFD864591E166F060029E35B /* Info.plist */,
			);
			path = BiLangTests;
			sourceTree = "<group>";
		};
		FFD864611E166F060029E35B /* BiLangUITests */ = {
			isa = PBXGroup;
			children = (
				FFD864641E166F060029E35B /* Info.plist */,
			);
			path = BiLangUITests;
			sourceTree = "<group>";
		};
/* End PBXGroup section */

/* Begin PBXNativeTarget section */
		FFD8643E1E166F050029E35B /* BiLang */ = {
			isa = PBXNativeTarget;
			buildConfigurationList = FFD864671E166F060029E35B /* Build configuration list for PBXNativeTarget "BiLang" */;
			buildPhases = (
				FE649F3E4792CD19AC3EF2B0 /* [CP] Check Pods Manifest.lock */,
				FFD8643B1E166F050029E35B /* Sources */,
				FFD8643C1E166F050029E35B /* Frameworks */,
				FFD8643D1E166F050029E35B /* Resources */,
				FFD864811E1679610029E35B /* Embed Frameworks */,
				DF36BA39F2488F26528A0A5E /* [CP] Embed Pods Frameworks */,
				B08794832B197CB6CAAF9327 /* [CP] Copy Pods Resources */,
			);
			buildRules = (
			);
			dependencies = (
			);
			name = BiLang;
			productName = BiLang;
			productReference = FFD8643F1E166F060029E35B /* BiLang.app */;
			productType = "com.apple.product-type.application";
		};
		FFD864521E166F060029E35B /* BiLangTests */ = {
			isa = PBXNativeTarget;
			buildConfigurationList = FFD8646A1E166F060029E35B /* Build configuration list for PBXNativeTarget "BiLangTests" */;
			buildPhases = (
				3D43B3AF5C139A1ED8D36AAE /* [CP] Check Pods Manifest.lock */,
				FFD8644F1E166F060029E35B /* Sources */,
				FFD864501E166F060029E35B /* Frameworks */,
				FFD864511E166F060029E35B /* Resources */,
				4623C760646BF046FB275D84 /* [CP] Embed Pods Frameworks */,
				667641EC1E199E80DD7E6EB8 /* [CP] Copy Pods Resources */,
			);
			buildRules = (
			);
			dependencies = (
				FFD864551E166F060029E35B /* PBXTargetDependency */,
			);
			name = BiLangTests;
			productName = BiLangTests;
			productReference = FFD864531E166F060029E35B /* BiLangTests.xctest */;
			productType = "com.apple.product-type.bundle.unit-test";
		};
		FFD8645D1E166F060029E35B /* BiLangUITests */ = {
			isa = PBXNativeTarget;
			buildConfigurationList = FFD8646D1E166F060029E35B /* Build configuration list for PBXNativeTarget "BiLangUITests" */;
			buildPhases = (
				3FCBD95266A572FDBABCFAFC /* [CP] Check Pods Manifest.lock */,
				FFD8645A1E166F060029E35B /* Sources */,
				FFD8645B1E166F060029E35B /* Frameworks */,
				FFD8645C1E166F060029E35B /* Resources */,
				AD43A16B04552A8ED1B86AF1 /* [CP] Embed Pods Frameworks */,
				F18244DA2BC81B34F6F011F7 /* [CP] Copy Pods Resources */,
			);
			buildRules = (
			);
			dependencies = (
				FFD864601E166F060029E35B /* PBXTargetDependency */,
			);
			name = BiLangUITests;
			productName = BiLangUITests;
			productReference = FFD8645E1E166F060029E35B /* BiLangUITests.xctest */;
			productType = "com.apple.product-type.bundle.ui-testing";
		};
/* End PBXNativeTarget section */

/* Begin PBXProject section */
		FFD864371E166F050029E35B /* Project object */ = {
			isa = PBXProject;
			attributes = {
				LastSwiftUpdateCheck = 0820;
				LastUpgradeCheck = 0930;
				ORGANIZATIONNAME = "최광훈";
				TargetAttributes = {
					FFD8643E1E166F050029E35B = {
						CreatedOnToolsVersion = 8.2.1;
						DevelopmentTeam = HY47J4787Q;
						LastSwiftMigration = 0930;
						ProvisioningStyle = Automatic;
					};
					FFD864521E166F060029E35B = {
						CreatedOnToolsVersion = 8.2.1;
						LastSwiftMigration = 0930;
						ProvisioningStyle = Automatic;
						TestTargetID = FFD8643E1E166F050029E35B;
					};
					FFD8645D1E166F060029E35B = {
						CreatedOnToolsVersion = 8.2.1;
						LastSwiftMigration = 0930;
						ProvisioningStyle = Automatic;
						TestTargetID = FFD8643E1E166F050029E35B;
					};
				};
			};
			buildConfigurationList = FFD8643A1E166F050029E35B /* Build configuration list for PBXProject "BiLang" */;
			compatibilityVersion = "Xcode 3.2";
			developmentRegion = English;
			hasScannedForEncodings = 0;
			knownRegions = (
				en,
				Base,
			);
			mainGroup = FFD864361E166F050029E35B;
			productRefGroup = FFD864401E166F060029E35B /* Products */;
			projectDirPath = "";
			projectRoot = "";
			targets = (
				FFD8643E1E166F050029E35B /* BiLang */,
				FFD864521E166F060029E35B /* BiLangTests */,
				FFD8645D1E166F060029E35B /* BiLangUITests */,
			);
		};
/* End PBXProject section */

/* Begin PBXResourcesBuildPhase section */
		FFD8643D1E166F050029E35B /* Resources */ = {
			isa = PBXResourcesBuildPhase;
			buildActionMask = 2147483647;
			files = (
				FFD8644D1E166F060029E35B /* LaunchScreen.storyboard in Resources */,
				FFD8644A1E166F060029E35B /* Assets.xcassets in Resources */,
				FFD864481E166F060029E35B /* Main.storyboard in Resources */,
			);
			runOnlyForDeploymentPostprocessing = 0;
		};
		FFD864511E166F060029E35B /* Resources */ = {
			isa = PBXResourcesBuildPhase;
			buildActionMask = 2147483647;
			files = (
			);
			runOnlyForDeploymentPostprocessing = 0;
		};
		FFD8645C1E166F060029E35B /* Resources */ = {
			isa = PBXResourcesBuildPhase;
			buildActionMask = 2147483647;
			files = (
			);
			runOnlyForDeploymentPostprocessing = 0;
		};
/* End PBXResourcesBuildPhase section */

/* Begin PBXShellScriptBuildPhase section */
		3D43B3AF5C139A1ED8D36AAE /* [CP] Check Pods Manifest.lock */ = {
			isa = PBXShellScriptBuildPhase;
			buildActionMask = 2147483647;
			files = (
			);
			inputPaths = (
				"${PODS_PODFILE_DIR_PATH}/Podfile.lock",
				"${PODS_ROOT}/Manifest.lock",
			);
			name = "[CP] Check Pods Manifest.lock";
			outputPaths = (
				"$(DERIVED_FILE_DIR)/Pods-BiLangTests-checkManifestLockResult.txt",
			);
			runOnlyForDeploymentPostprocessing = 0;
			shellPath = /bin/sh;
			shellScript = "diff \"${PODS_PODFILE_DIR_PATH}/Podfile.lock\" \"${PODS_ROOT}/Manifest.lock\" > /dev/null\nif [ $? != 0 ] ; then\n    # print error to STDERR\n    echo \"error: The sandbox is not in sync with the Podfile.lock. Run 'pod install' or update your CocoaPods installation.\" >&2\n    exit 1\nfi\n# This output is used by Xcode 'outputs' to avoid re-running this script phase.\necho \"SUCCESS\" > \"${SCRIPT_OUTPUT_FILE_0}\"\n";
			showEnvVarsInLog = 0;
		};
		3FCBD95266A572FDBABCFAFC /* [CP] Check Pods Manifest.lock */ = {
			isa = PBXShellScriptBuildPhase;
			buildActionMask = 2147483647;
			files = (
			);
			inputPaths = (
				"${PODS_PODFILE_DIR_PATH}/Podfile.lock",
				"${PODS_ROOT}/Manifest.lock",
			);
			name = "[CP] Check Pods Manifest.lock";
			outputPaths = (
				"$(DERIVED_FILE_DIR)/Pods-BiLangUITests-checkManifestLockResult.txt",
			);
			runOnlyForDeploymentPostprocessing = 0;
			shellPath = /bin/sh;
			shellScript = "diff \"${PODS_PODFILE_DIR_PATH}/Podfile.lock\" \"${PODS_ROOT}/Manifest.lock\" > /dev/null\nif [ $? != 0 ] ; then\n    # print error to STDERR\n    echo \"error: The sandbox is not in sync with the Podfile.lock. Run 'pod install' or update your CocoaPods installation.\" >&2\n    exit 1\nfi\n# This output is used by Xcode 'outputs' to avoid re-running this script phase.\necho \"SUCCESS\" > \"${SCRIPT_OUTPUT_FILE_0}\"\n";
			showEnvVarsInLog = 0;
		};
		4623C760646BF046FB275D84 /* [CP] Embed Pods Frameworks */ = {
			isa = PBXShellScriptBuildPhase;
			buildActionMask = 2147483647;
			files = (
			);
			inputPaths = (
				"${SRCROOT}/Pods/Target Support Files/Pods-BiLangTests/Pods-BiLangTests-frameworks.sh",
				"${BUILT_PRODUCTS_DIR}/RxSwift/RxSwift.framework",
				"${BUILT_PRODUCTS_DIR}/Nimble/Nimble.framework",
				"${BUILT_PRODUCTS_DIR}/Quick/Quick.framework",
				"${BUILT_PRODUCTS_DIR}/RxTest/RxTest.framework",
			);
			name = "[CP] Embed Pods Frameworks";
			outputPaths = (
				"${TARGET_BUILD_DIR}/${FRAMEWORKS_FOLDER_PATH}/RxSwift.framework",
				"${TARGET_BUILD_DIR}/${FRAMEWORKS_FOLDER_PATH}/Nimble.framework",
				"${TARGET_BUILD_DIR}/${FRAMEWORKS_FOLDER_PATH}/Quick.framework",
				"${TARGET_BUILD_DIR}/${FRAMEWORKS_FOLDER_PATH}/RxTest.framework",
			);
			runOnlyForDeploymentPostprocessing = 0;
			shellPath = /bin/sh;
			shellScript = "\"${SRCROOT}/Pods/Target Support Files/Pods-BiLangTests/Pods-BiLangTests-frameworks.sh\"\n";
			showEnvVarsInLog = 0;
		};
		667641EC1E199E80DD7E6EB8 /* [CP] Copy Pods Resources */ = {
			isa = PBXShellScriptBuildPhase;
			buildActionMask = 2147483647;
			files = (
			);
			inputPaths = (
			);
			name = "[CP] Copy Pods Resources";
			outputPaths = (
			);
			runOnlyForDeploymentPostprocessing = 0;
			shellPath = /bin/sh;
			shellScript = "\"${SRCROOT}/Pods/Target Support Files/Pods-BiLangTests/Pods-BiLangTests-resources.sh\"\n";
			showEnvVarsInLog = 0;
		};
		AD43A16B04552A8ED1B86AF1 /* [CP] Embed Pods Frameworks */ = {
			isa = PBXShellScriptBuildPhase;
			buildActionMask = 2147483647;
			files = (
			);
			inputPaths = (
			);
			name = "[CP] Embed Pods Frameworks";
			outputPaths = (
			);
			runOnlyForDeploymentPostprocessing = 0;
			shellPath = /bin/sh;
			shellScript = "\"${SRCROOT}/Pods/Target Support Files/Pods-BiLangUITests/Pods-BiLangUITests-frameworks.sh\"\n";
			showEnvVarsInLog = 0;
		};
		B08794832B197CB6CAAF9327 /* [CP] Copy Pods Resources */ = {
			isa = PBXShellScriptBuildPhase;
			buildActionMask = 2147483647;
			files = (
			);
			inputPaths = (
			);
			name = "[CP] Copy Pods Resources";
			outputPaths = (
			);
			runOnlyForDeploymentPostprocessing = 0;
			shellPath = /bin/sh;
			shellScript = "\"${SRCROOT}/Pods/Target Support Files/Pods-BiLang/Pods-BiLang-resources.sh\"\n";
			showEnvVarsInLog = 0;
		};
		DF36BA39F2488F26528A0A5E /* [CP] Embed Pods Frameworks */ = {
			isa = PBXShellScriptBuildPhase;
			buildActionMask = 2147483647;
			files = (
			);
			inputPaths = (
				"${SRCROOT}/Pods/Target Support Files/Pods-BiLang/Pods-BiLang-frameworks.sh",
				"${BUILT_PRODUCTS_DIR}/RxBlocking/RxBlocking.framework",
				"${BUILT_PRODUCTS_DIR}/RxCocoa/RxCocoa.framework",
				"${BUILT_PRODUCTS_DIR}/RxKeyboard/RxKeyboard.framework",
				"${BUILT_PRODUCTS_DIR}/RxSwift/RxSwift.framework",
			);
			name = "[CP] Embed Pods Frameworks";
			outputPaths = (
				"${TARGET_BUILD_DIR}/${FRAMEWORKS_FOLDER_PATH}/RxBlocking.framework",
				"${TARGET_BUILD_DIR}/${FRAMEWORKS_FOLDER_PATH}/RxCocoa.framework",
				"${TARGET_BUILD_DIR}/${FRAMEWORKS_FOLDER_PATH}/RxKeyboard.framework",
				"${TARGET_BUILD_DIR}/${FRAMEWORKS_FOLDER_PATH}/RxSwift.framework",
			);
			runOnlyForDeploymentPostprocessing = 0;
			shellPath = /bin/sh;
			shellScript = "\"${SRCROOT}/Pods/Target Support Files/Pods-BiLang/Pods-BiLang-frameworks.sh\"\n";
			showEnvVarsInLog = 0;
		};
		F18244DA2BC81B34F6F011F7 /* [CP] Copy Pods Resources */ = {
			isa = PBXShellScriptBuildPhase;
			buildActionMask = 2147483647;
			files = (
			);
			inputPaths = (
			);
			name = "[CP] Copy Pods Resources";
			outputPaths = (
			);
			runOnlyForDeploymentPostprocessing = 0;
			shellPath = /bin/sh;
			shellScript = "\"${SRCROOT}/Pods/Target Support Files/Pods-BiLangUITests/Pods-BiLangUITests-resources.sh\"\n";
			showEnvVarsInLog = 0;
		};
		FE649F3E4792CD19AC3EF2B0 /* [CP] Check Pods Manifest.lock */ = {
			isa = PBXShellScriptBuildPhase;
			buildActionMask = 2147483647;
			files = (
			);
			inputPaths = (
				"${PODS_PODFILE_DIR_PATH}/Podfile.lock",
				"${PODS_ROOT}/Manifest.lock",
			);
			name = "[CP] Check Pods Manifest.lock";
			outputPaths = (
				"$(DERIVED_FILE_DIR)/Pods-BiLang-checkManifestLockResult.txt",
			);
			runOnlyForDeploymentPostprocessing = 0;
			shellPath = /bin/sh;
			shellScript = "diff \"${PODS_PODFILE_DIR_PATH}/Podfile.lock\" \"${PODS_ROOT}/Manifest.lock\" > /dev/null\nif [ $? != 0 ] ; then\n    # print error to STDERR\n    echo \"error: The sandbox is not in sync with the Podfile.lock. Run 'pod install' or update your CocoaPods installation.\" >&2\n    exit 1\nfi\n# This output is used by Xcode 'outputs' to avoid re-running this script phase.\necho \"SUCCESS\" > \"${SCRIPT_OUTPUT_FILE_0}\"\n";
			showEnvVarsInLog = 0;
		};
/* End PBXShellScriptBuildPhase section */

/* Begin PBXSourcesBuildPhase section */
		FFD8643B1E166F050029E35B /* Sources */ = {
			isa = PBXSourcesBuildPhase;
			buildActionMask = 2147483647;
			files = (
				FFD864451E166F060029E35B /* ViewController.swift in Sources */,
				FFD864431E166F060029E35B /* AppDelegate.swift in Sources */,
			);
			runOnlyForDeploymentPostprocessing = 0;
		};
		FFD8644F1E166F060029E35B /* Sources */ = {
			isa = PBXSourcesBuildPhase;
			buildActionMask = 2147483647;
			files = (
				05A0EF0B209E95C900C06A90 /* UnicodeUtilSpec.swift in Sources */,
				FFD864581E166F060029E35B /* BiLangTests.swift in Sources */,
			);
			runOnlyForDeploymentPostprocessing = 0;
		};
		FFD8645A1E166F060029E35B /* Sources */ = {
			isa = PBXSourcesBuildPhase;
			buildActionMask = 2147483647;
			files = (
			);
			runOnlyForDeploymentPostprocessing = 0;
		};
/* End PBXSourcesBuildPhase section */

/* Begin PBXTargetDependency section */
		FFD864551E166F060029E35B /* PBXTargetDependency */ = {
			isa = PBXTargetDependency;
			target = FFD8643E1E166F050029E35B /* BiLang */;
			targetProxy = FFD864541E166F060029E35B /* PBXContainerItemProxy */;
		};
		FFD864601E166F060029E35B /* PBXTargetDependency */ = {
			isa = PBXTargetDependency;
			target = FFD8643E1E166F050029E35B /* BiLang */;
			targetProxy = FFD8645F1E166F060029E35B /* PBXContainerItemProxy */;
		};
/* End PBXTargetDependency section */

/* Begin PBXVariantGroup section */
		FFD864461E166F060029E35B /* Main.storyboard */ = {
			isa = PBXVariantGroup;
			children = (
				FFD864471E166F060029E35B /* Base */,
			);
			name = Main.storyboard;
			sourceTree = "<group>";
		};
		FFD8644B1E166F060029E35B /* LaunchScreen.storyboard */ = {
			isa = PBXVariantGroup;
			children = (
				FFD8644C1E166F060029E35B /* Base */,
			);
			name = LaunchScreen.storyboard;
			sourceTree = "<group>";
		};
/* End PBXVariantGroup section */

/* Begin XCBuildConfiguration section */
		FFD864651E166F060029E35B /* Debug */ = {
			isa = XCBuildConfiguration;
			buildSettings = {
				ALWAYS_EMBED_SWIFT_STANDARD_LIBRARIES = YES;
				ALWAYS_SEARCH_USER_PATHS = NO;
				CLANG_ANALYZER_NONNULL = YES;
				CLANG_CXX_LANGUAGE_STANDARD = "gnu++0x";
				CLANG_CXX_LIBRARY = "libc++";
				CLANG_ENABLE_MODULES = YES;
				CLANG_ENABLE_OBJC_ARC = YES;
				CLANG_WARN_BLOCK_CAPTURE_AUTORELEASING = YES;
				CLANG_WARN_BOOL_CONVERSION = YES;
				CLANG_WARN_COMMA = YES;
				CLANG_WARN_CONSTANT_CONVERSION = YES;
				CLANG_WARN_DEPRECATED_OBJC_IMPLEMENTATIONS = YES;
				CLANG_WARN_DIRECT_OBJC_ISA_USAGE = YES_ERROR;
				CLANG_WARN_DOCUMENTATION_COMMENTS = YES;
				CLANG_WARN_EMPTY_BODY = YES;
				CLANG_WARN_ENUM_CONVERSION = YES;
				CLANG_WARN_INFINITE_RECURSION = YES;
				CLANG_WARN_INT_CONVERSION = YES;
				CLANG_WARN_NON_LITERAL_NULL_CONVERSION = YES;
				CLANG_WARN_OBJC_IMPLICIT_RETAIN_SELF = YES;
				CLANG_WARN_OBJC_LITERAL_CONVERSION = YES;
				CLANG_WARN_OBJC_ROOT_CLASS = YES_ERROR;
				CLANG_WARN_RANGE_LOOP_ANALYSIS = YES;
				CLANG_WARN_STRICT_PROTOTYPES = YES;
				CLANG_WARN_SUSPICIOUS_MOVE = YES;
				CLANG_WARN_UNREACHABLE_CODE = YES;
				CLANG_WARN__DUPLICATE_METHOD_MATCH = YES;
				"CODE_SIGN_IDENTITY[sdk=iphoneos*]" = "iPhone Developer";
				COPY_PHASE_STRIP = NO;
				DEBUG_INFORMATION_FORMAT = dwarf;
				ENABLE_STRICT_OBJC_MSGSEND = YES;
				ENABLE_TESTABILITY = YES;
				GCC_C_LANGUAGE_STANDARD = gnu99;
				GCC_DYNAMIC_NO_PIC = NO;
				GCC_NO_COMMON_BLOCKS = YES;
				GCC_OPTIMIZATION_LEVEL = 0;
				GCC_PREPROCESSOR_DEFINITIONS = (
					"DEBUG=1",
					"$(inherited)",
				);
				GCC_WARN_64_TO_32_BIT_CONVERSION = YES;
				GCC_WARN_ABOUT_RETURN_TYPE = YES_ERROR;
				GCC_WARN_UNDECLARED_SELECTOR = YES;
				GCC_WARN_UNINITIALIZED_AUTOS = YES_AGGRESSIVE;
				GCC_WARN_UNUSED_FUNCTION = YES;
				GCC_WARN_UNUSED_VARIABLE = YES;
				IPHONEOS_DEPLOYMENT_TARGET = 10.2;
				MTL_ENABLE_DEBUG_INFO = YES;
				ONLY_ACTIVE_ARCH = YES;
				SDKROOT = iphoneos;
				SWIFT_ACTIVE_COMPILATION_CONDITIONS = DEBUG;
				SWIFT_OPTIMIZATION_LEVEL = "-Onone";
				TARGETED_DEVICE_FAMILY = "1,2";
			};
			name = Debug;
		};
		FFD864661E166F060029E35B /* Release */ = {
			isa = XCBuildConfiguration;
			buildSettings = {
				ALWAYS_EMBED_SWIFT_STANDARD_LIBRARIES = YES;
				ALWAYS_SEARCH_USER_PATHS = NO;
				CLANG_ANALYZER_NONNULL = YES;
				CLANG_CXX_LANGUAGE_STANDARD = "gnu++0x";
				CLANG_CXX_LIBRARY = "libc++";
				CLANG_ENABLE_MODULES = YES;
				CLANG_ENABLE_OBJC_ARC = YES;
				CLANG_WARN_BLOCK_CAPTURE_AUTORELEASING = YES;
				CLANG_WARN_BOOL_CONVERSION = YES;
				CLANG_WARN_COMMA = YES;
				CLANG_WARN_CONSTANT_CONVERSION = YES;
				CLANG_WARN_DEPRECATED_OBJC_IMPLEMENTATIONS = YES;
				CLANG_WARN_DIRECT_OBJC_ISA_USAGE = YES_ERROR;
				CLANG_WARN_DOCUMENTATION_COMMENTS = YES;
				CLANG_WARN_EMPTY_BODY = YES;
				CLANG_WARN_ENUM_CONVERSION = YES;
				CLANG_WARN_INFINITE_RECURSION = YES;
				CLANG_WARN_INT_CONVERSION = YES;
				CLANG_WARN_NON_LITERAL_NULL_CONVERSION = YES;
				CLANG_WARN_OBJC_IMPLICIT_RETAIN_SELF = YES;
				CLANG_WARN_OBJC_LITERAL_CONVERSION = YES;
				CLANG_WARN_OBJC_ROOT_CLASS = YES_ERROR;
				CLANG_WARN_RANGE_LOOP_ANALYSIS = YES;
				CLANG_WARN_STRICT_PROTOTYPES = YES;
				CLANG_WARN_SUSPICIOUS_MOVE = YES;
				CLANG_WARN_UNREACHABLE_CODE = YES;
				CLANG_WARN__DUPLICATE_METHOD_MATCH = YES;
				"CODE_SIGN_IDENTITY[sdk=iphoneos*]" = "iPhone Developer";
				COPY_PHASE_STRIP = NO;
				DEBUG_INFORMATION_FORMAT = "dwarf-with-dsym";
				ENABLE_NS_ASSERTIONS = NO;
				ENABLE_STRICT_OBJC_MSGSEND = YES;
				GCC_C_LANGUAGE_STANDARD = gnu99;
				GCC_NO_COMMON_BLOCKS = YES;
				GCC_WARN_64_TO_32_BIT_CONVERSION = YES;
				GCC_WARN_ABOUT_RETURN_TYPE = YES_ERROR;
				GCC_WARN_UNDECLARED_SELECTOR = YES;
				GCC_WARN_UNINITIALIZED_AUTOS = YES_AGGRESSIVE;
				GCC_WARN_UNUSED_FUNCTION = YES;
				GCC_WARN_UNUSED_VARIABLE = YES;
				IPHONEOS_DEPLOYMENT_TARGET = 10.2;
				MTL_ENABLE_DEBUG_INFO = NO;
				SDKROOT = iphoneos;
				SWIFT_OPTIMIZATION_LEVEL = "-Owholemodule";
				TARGETED_DEVICE_FAMILY = "1,2";
				VALIDATE_PRODUCT = YES;
			};
			name = Release;
		};
		FFD864681E166F060029E35B /* Debug */ = {
			isa = XCBuildConfiguration;
			baseConfigurationReference = 2E0081ACF2289CFBBF8C7557 /* Pods-BiLang.debug.xcconfig */;
			buildSettings = {
				ASSETCATALOG_COMPILER_APPICON_NAME = AppIcon;
				CODE_SIGN_IDENTITY = "iPhone Developer";
				CODE_SIGN_STYLE = Automatic;
				DEVELOPMENT_TEAM = HY47J4787Q;
				INFOPLIST_FILE = BiLang/Info.plist;
				IPHONEOS_DEPLOYMENT_TARGET = 11.0;
				LD_RUNPATH_SEARCH_PATHS = "$(inherited) @executable_path/Frameworks";
				PRODUCT_BUNDLE_IDENTIFIER = com.ngenii.BiLang;
				PRODUCT_NAME = "$(TARGET_NAME)";
				PROVISIONING_PROFILE_SPECIFIER = "";
				SWIFT_SWIFT3_OBJC_INFERENCE = On;
				SWIFT_VERSION = 4.0;
			};
			name = Debug;
		};
		FFD864691E166F060029E35B /* Release */ = {
			isa = XCBuildConfiguration;
			baseConfigurationReference = 67C65085CBA4E5A03846FC7C /* Pods-BiLang.release.xcconfig */;
			buildSettings = {
				ASSETCATALOG_COMPILER_APPICON_NAME = AppIcon;
				CODE_SIGN_IDENTITY = "iPhone Developer";
				CODE_SIGN_STYLE = Automatic;
				DEVELOPMENT_TEAM = HY47J4787Q;
				INFOPLIST_FILE = BiLang/Info.plist;
				IPHONEOS_DEPLOYMENT_TARGET = 11.0;
				LD_RUNPATH_SEARCH_PATHS = "$(inherited) @executable_path/Frameworks";
				PRODUCT_BUNDLE_IDENTIFIER = com.ngenii.BiLang;
				PRODUCT_NAME = "$(TARGET_NAME)";
				PROVISIONING_PROFILE_SPECIFIER = "";
				SWIFT_SWIFT3_OBJC_INFERENCE = On;
				SWIFT_VERSION = 4.0;
			};
			name = Release;
		};
		FFD8646B1E166F060029E35B /* Debug */ = {
			isa = XCBuildConfiguration;
			baseConfigurationReference = 5D225B1A48CFEE693703C887 /* Pods-BiLangTests.debug.xcconfig */;
			buildSettings = {
				BUNDLE_LOADER = "$(TEST_HOST)";
				CODE_SIGN_IDENTITY = "iPhone Developer";
				CODE_SIGN_STYLE = Automatic;
				DEVELOPMENT_TEAM = "";
				INFOPLIST_FILE = BiLangTests/Info.plist;
				LD_RUNPATH_SEARCH_PATHS = "$(inherited) @executable_path/Frameworks @loader_path/Frameworks";
				PRODUCT_BUNDLE_IDENTIFIER = com.woowahan.BiLangTests;
				PRODUCT_NAME = "$(TARGET_NAME)";
				PROVISIONING_PROFILE_SPECIFIER = "";
				SWIFT_SWIFT3_OBJC_INFERENCE = On;
				SWIFT_VERSION = 4.0;
				TEST_HOST = "$(BUILT_PRODUCTS_DIR)/BiLang.app/BiLang";
			};
			name = Debug;
		};
		FFD8646C1E166F060029E35B /* Release */ = {
			isa = XCBuildConfiguration;
			baseConfigurationReference = 5E05ED22E128C821F17E9C86 /* Pods-BiLangTests.release.xcconfig */;
			buildSettings = {
				BUNDLE_LOADER = "$(TEST_HOST)";
				CODE_SIGN_IDENTITY = "iPhone Developer";
				CODE_SIGN_STYLE = Automatic;
				DEVELOPMENT_TEAM = "";
				INFOPLIST_FILE = BiLangTests/Info.plist;
				LD_RUNPATH_SEARCH_PATHS = "$(inherited) @executable_path/Frameworks @loader_path/Frameworks";
				PRODUCT_BUNDLE_IDENTIFIER = com.woowahan.BiLangTests;
				PRODUCT_NAME = "$(TARGET_NAME)";
				PROVISIONING_PROFILE_SPECIFIER = "";
				SWIFT_SWIFT3_OBJC_INFERENCE = On;
				SWIFT_VERSION = 4.0;
				TEST_HOST = "$(BUILT_PRODUCTS_DIR)/BiLang.app/BiLang";
			};
			name = Release;
		};
		FFD8646E1E166F060029E35B /* Debug */ = {
			isa = XCBuildConfiguration;
			baseConfigurationReference = 5B473619B473F432C3145D44 /* Pods-BiLangUITests.debug.xcconfig */;
			buildSettings = {
				CODE_SIGN_IDENTITY = "iPhone Developer";
				CODE_SIGN_STYLE = Automatic;
				DEVELOPMENT_TEAM = "";
				INFOPLIST_FILE = BiLangUITests/Info.plist;
				LD_RUNPATH_SEARCH_PATHS = "$(inherited) @executable_path/Frameworks @loader_path/Frameworks";
				PRODUCT_BUNDLE_IDENTIFIER = com.woowahan.BiLangUITests;
				PRODUCT_NAME = "$(TARGET_NAME)";
				PROVISIONING_PROFILE_SPECIFIER = "";
				SWIFT_SWIFT3_OBJC_INFERENCE = On;
				SWIFT_VERSION = 4.0;
				TEST_TARGET_NAME = BiLang;
			};
			name = Debug;
		};
		FFD8646F1E166F060029E35B /* Release */ = {
			isa = XCBuildConfiguration;
			baseConfigurationReference = 7FA662BAB7FA5CA7719D6537 /* Pods-BiLangUITests.release.xcconfig */;
			buildSettings = {
				CODE_SIGN_IDENTITY = "iPhone Developer";
				CODE_SIGN_STYLE = Automatic;
				DEVELOPMENT_TEAM = "";
				INFOPLIST_FILE = BiLangUITests/Info.plist;
				LD_RUNPATH_SEARCH_PATHS = "$(inherited) @executable_path/Frameworks @loader_path/Frameworks";
				PRODUCT_BUNDLE_IDENTIFIER = com.woowahan.BiLangUITests;
				PRODUCT_NAME = "$(TARGET_NAME)";
				PROVISIONING_PROFILE_SPECIFIER = "";
				SWIFT_SWIFT3_OBJC_INFERENCE = On;
				SWIFT_VERSION = 4.0;
				TEST_TARGET_NAME = BiLang;
			};
			name = Release;
		};
/* End XCBuildConfiguration section */

/* Begin XCConfigurationList section */
		FFD8643A1E166F050029E35B /* Build configuration list for PBXProject "BiLang" */ = {
			isa = XCConfigurationList;
			buildConfigurations = (
				FFD864651E166F060029E35B /* Debug */,
				FFD864661E166F060029E35B /* Release */,
			);
			defaultConfigurationIsVisible = 0;
			defaultConfigurationName = Release;
		};
		FFD864671E166F060029E35B /* Build configuration list for PBXNativeTarget "BiLang" */ = {
			isa = XCConfigurationList;
			buildConfigurations = (
				FFD864681E166F060029E35B /* Debug */,
				FFD864691E166F060029E35B /* Release */,
			);
			defaultConfigurationIsVisible = 0;
			defaultConfigurationName = Release;
		};
		FFD8646A1E166F060029E35B /* Build configuration list for PBXNativeTarget "BiLangTests" */ = {
			isa = XCConfigurationList;
			buildConfigurations = (
				FFD8646B1E166F060029E35B /* Debug */,
				FFD8646C1E166F060029E35B /* Release */,
			);
			defaultConfigurationIsVisible = 0;
			defaultConfigurationName = Release;
		};
		FFD8646D1E166F060029E35B /* Build configuration list for PBXNativeTarget "BiLangUITests" */ = {
			isa = XCConfigurationList;
			buildConfigurations = (
				FFD8646E1E166F060029E35B /* Debug */,
				FFD8646F1E166F060029E35B /* Release */,
			);
			defaultConfigurationIsVisible = 0;
			defaultConfigurationName = Release;
		};
/* End XCConfigurationList section */
	};
	rootObject = FFD864371E166F050029E35B /* Project object */;
}
